
Microsoft Visual Studio Solution File, Format Version 11.00
# Visual Studio 2010
Project("{FAE04EC0-301F-11D3-BF4B-00C04F79EFBC}") = "ML_Agent_Pong", "Assembly-CSharp.csproj", "{1EAAD559-C10A-05B3-440E-32E46D54A202}"
EndProject
Project("{FAE04EC0-301F-11D3-BF4B-00C04F79EFBC}") = "ML_Agent_Pong", "Assembly-CSharp-Editor.csproj", "{17B5550D-3BE5-1014-3142-BB7DB466B3FE}"
EndProject
Global
	GlobalSection(SolutionConfigurationPlatforms) = preSolution
		Debug|Any CPU = Debug|Any CPU
		Release|Any CPU = Release|Any CPU
	EndGlobalSection
	GlobalSection(ProjectConfigurationPlatforms) = postSolution
		{1EAAD559-C10A-05B3-440E-32E46D54A202}.Debug|Any CPU.ActiveCfg = Debug|Any CPU
		{1EAAD559-C10A-05B3-440E-32E46D54A202}.Debug|Any CPU.Build.0 = Debug|Any CPU
		{1EAAD559-C10A-05B3-440E-32E46D54A202}.Release|Any CPU.ActiveCfg = Release|Any CPU
		{1EAAD559-C10A-05B3-440E-32E46D54A202}.Release|Any CPU.Build.0 = Release|Any CPU
		{17B5550D-3BE5-1014-3142-BB7DB466B3FE}.Debug|Any CPU.ActiveCfg = Debug|Any CPU
		{17B5550D-3BE5-1014-3142-BB7DB466B3FE}.Debug|Any CPU.Build.0 = Debug|Any CPU
		{17B5550D-3BE5-1014-3142-BB7DB466B3FE}.Release|Any CPU.ActiveCfg = Release|Any CPU
		{17B5550D-3BE5-1014-3142-BB7DB466B3FE}.Release|Any CPU.Build.0 = Release|Any CPU
	EndGlobalSection
	GlobalSection(SolutionProperties) = preSolution
		HideSolutionNode = FALSE
	EndGlobalSection
	GlobalSection(MonoDevelopProperties) = preSolution
		StartupItem = Assembly-CSharp.csproj
	EndGlobalSection
EndGlobal
