
Microsoft Visual Studio Solution File, Format Version 11.00
# Visual Studio 2010
Project("{FAE04EC0-301F-11D3-BF4B-00C04F79EFBC}") = "ML_Agent_FlappyBirdStyle", "Assembly-CSharp.csproj", "{AD983DC7-B45D-C0B4-0D86-3EE0C00B3420}"
EndProject
Project("{FAE04EC0-301F-11D3-BF4B-00C04F79EFBC}") = "ML_Agent_FlappyBirdStyle", "Assembly-CSharp-Editor.csproj", "{DE3E4AA1-CCF9-FB42-B71F-7BA950C3793E}"
EndProject
Global
	GlobalSection(SolutionConfigurationPlatforms) = preSolution
		Debug|Any CPU = Debug|Any CPU
		Release|Any CPU = Release|Any CPU
	EndGlobalSection
	GlobalSection(ProjectConfigurationPlatforms) = postSolution
		{AD983DC7-B45D-C0B4-0D86-3EE0C00B3420}.Debug|Any CPU.ActiveCfg = Debug|Any CPU
		{AD983DC7-B45D-C0B4-0D86-3EE0C00B3420}.Debug|Any CPU.Build.0 = Debug|Any CPU
		{AD983DC7-B45D-C0B4-0D86-3EE0C00B3420}.Release|Any CPU.ActiveCfg = Release|Any CPU
		{AD983DC7-B45D-C0B4-0D86-3EE0C00B3420}.Release|Any CPU.Build.0 = Release|Any CPU
		{DE3E4AA1-CCF9-FB42-B71F-7BA950C3793E}.Debug|Any CPU.ActiveCfg = Debug|Any CPU
		{DE3E4AA1-CCF9-FB42-B71F-7BA950C3793E}.Debug|Any CPU.Build.0 = Debug|Any CPU
		{DE3E4AA1-CCF9-FB42-B71F-7BA950C3793E}.Release|Any CPU.ActiveCfg = Release|Any CPU
		{DE3E4AA1-CCF9-FB42-B71F-7BA950C3793E}.Release|Any CPU.Build.0 = Release|Any CPU
	EndGlobalSection
	GlobalSection(SolutionProperties) = preSolution
		HideSolutionNode = FALSE
	EndGlobalSection
	GlobalSection(MonoDevelopProperties) = preSolution
		StartupItem = Assembly-CSharp.csproj
	EndGlobalSection
EndGlobal
